github.com/456vv/vconn v1.3.2 h1:jCU+UFEKCsVQTvf/FElFdUktBSMTrn3mLslkHjRXE/U=
github.com/456vv/vconn v1.3.2/go.mod h1:yfGorjvv8irTQyroGr+ueBOMR5+nKRpY1J+6qbeIGeo=
github.com/456vv/vconnpool/v2 v2.2.1 h1:TeQWNaBjdUObLiwNSJmtxWDw5qulK18pH+S4NQmqS74=
github.com/456vv/vconnpool/v2 v2.2.1/go.mod h1:J4coCDLYG/P6R2k+ja7BuSenUTw8l5wELwNF5rD0C4I=
github.com/456vv/verror v1.1.0 h1:ch2/3JWUqQqL6j3n0yXSMVNsrypTo5oDedwv5oaSD1E=
github.com/456vv/verror v1.1.0/go.mod h1:QEmQNRglF0+9pnOE4gHNNyys2n2cqTJHbWDxAdOEBjM=
github.com/456vv/vmap/v2 v2.3.3 h1:V1zd6fUjtEjSX6tEbB1v7nh4rzC3012Emisp/I5jpGM=
github.com/456vv/vmap/v2 v2.3.3/go.mod h1:+tSy8LEBuQ8GZIt+Zu9aIZkIdFeZoK9BSg98vsVmONY=
github.com/456vv/vweb/v2 v2.9.6 h1:I4FX6Gl7bSpHKGjFUGitthoFli4RjGMeRMBCG0Td8cQ=
github.com/456vv/vweb/v2 v2.9.6/go.mod h1:bwaQH3EioQkUinP6XHnEb6FuDQHABoWxrFtr/LyJGNE=
github.com/456vv/x/tcptest v0.0.0-20240411160003-c900455edb8a h1:E6qb7GkAQaVEbyfNXmNdw979u+xTvRCYfIn7TmHrcOc=
github.com/456vv/x/tcptest v0.0.0-20240411160003-c900455edb8a/go.mod h1:eBFILcRPOZsfy3dZ5KxrvpD+vg6ppTHDgtkPlwRCEiY=
github.com/issue9/assert/v2 v2.3.2 h1:J8TxGeak/CvrMchXHjs9CFChsZvpX0hGE/HTnwT6L+8=
github.com/issue9/assert/v2 v2.3.2/go.mod h1:rKr1eVGzXUhAo2af1thiKAhIA8uiSK9Wyn7mcZ4BzAg=
golang.org/x/crypto v0.48.0 h1:/VRzVqiRSggnhY7gNRxPauEQ5Drw9haKdM0jqfcCFts=
golang.org/x/crypto v0.48.0/go.mod h1:r0kV5h3qnFPlQnBSrULhlsRfryS2pmewsg+XfMgkVos=
golang.org/x/net v0.50.0 h1:ucWh9eiCGyDR3vtzso0WMQinm2Dnt8cFMuQa9K33J60=
golang.org/x/net v0.50.0/go.mod h1:UgoSli3F/pBgdJBHCTc+tp3gmrU4XswgGRgtnwWTfyM=
golang.org/x/sys v0.41.0 h1:Ivj+2Cp/ylzLiEU89QhWblYnOE9zerudt9Ftecq2C6k=
golang.org/x/sys v0.41.0/go.mod h1:OgkHotnGiDImocRcuBABYBEXf8A9a87e/uXjp9XT3ks=
golang.org/x/term v0.40.0 h1:36e4zGLqU4yhjlmxEaagx2KuYbJq3EwY8K943ZsHcvg=
golang.org/x/term v0.40.0/go.mod h1:w2P8uVp06p2iyKKuvXIm7N/y0UCRt3UfJTfZ7oOpglM=
golang.org/x/text v0.34.0 h1:oL/Qq0Kdaqxa1KbNeMKwQq0reLCCaFtqu2eNuSeNHbk=
golang.org/x/text v0.34.0/go.mod h1:homfLqTYRFyVYemLBFl5GgL/DWEiH5wcsQ5gSh1yziA=
